<?xml version="1.0" encoding="utf-8"?>
<Project ToolsVersion="4.0" xmlns="http://schemas.microsoft.com/developer/msbuild/2003">
  <ItemGroup>
    <Filter Include="Source Files">
      <UniqueIdentifier>{4FC737F1-C7A5-4376-A066-2A32D752A2FF}</UniqueIdentifier>
      <Extensions>cpp;c;cc;cxx;def;odl;idl;hpj;bat;asm;asmx</Extensions>
    </Filter>
    <Filter Include="Header Files">
      <UniqueIdentifier>{93995380-89BD-4b04-88EB-625FBE52EBFB}</UniqueIdentifier>
      <Extensions>h;hpp;hxx;hm;inl;inc;xsd</Extensions>
    </Filter>
    <Filter Include="Resource Files">
      <UniqueIdentifier>{67DA6AB6-F800-4c08-8B7A-83BB121AAD01}</UniqueIdentifier>
      <Extensions>rc;ico;cur;bmp;dlg;rc2;rct;bin;rgs;gif;jpg;jpeg;jpe;resx;tiff;tif;png;wav;mfcribbon-ms</Extensions>
    </Filter>
  </ItemGroup>
  <ItemGroup>
    <None Include="ReadMe.txt" />
  </ItemGroup>
  <ItemGroup>
    <ClInclude Include="stdafx.h">
      <Filter>Header Files</Filter>
    </ClInclude>
    <ClInclude Include="targetver.h">
      <Filter>Header Files</Filter>
    </ClInclude>
    <ClInclude Include="M2Loader.h">
      <Filter>Header Files</Filter>
    </ClInclude>
    <ClInclude Include="M2Particle.h">
      <Filter>Header Files</Filter>
    </ClInclude>
    <ClInclude Include="Model.h">
      <Filter>Header Files</Filter>
    </ClInclude>
    <ClInclude Include="Model_M2.h">
      <Filter>Header Files</Filter>
    </ClInclude>
    <ClInclude Include="Model_M2Format.h">
      <Filter>Header Files</Filter>
    </ClInclude>
    <ClInclude Include="Model_M2Interpolator.h">
      <Filter>Header Files</Filter>
    </ClInclude>
    <ClInclude Include="ModelImpl.h">
      <Filter>Header Files</Filter>
    </ClInclude>
    <ClInclude Include="..\EngineCore\Util\GameLog.h">
      <Filter>Header Files</Filter>
    </ClInclude>
    <ClInclude Include="mpq_libmpq.h">
      <Filter>Header Files</Filter>
    </ClInclude>
    <ClInclude Include="util.h">
      <Filter>Header Files</Filter>
    </ClInclude>
    <ClInclude Include="M2_Manager.h">
      <Filter>Header Files</Filter>
    </ClInclude>
    <ClInclude Include="M2ModelEdit.h">
      <Filter>Header Files</Filter>
    </ClInclude>
    <ClInclude Include="M2Enums.h">
      <Filter>Header Files</Filter>
    </ClInclude>
    <ClInclude Include="database.h">
      <Filter>Header Files</Filter>
    </ClInclude>
    <ClInclude Include="dbcfile.h">
      <Filter>Header Files</Filter>
    </ClInclude>
    <ClInclude Include="M2Util.h">
      <Filter>Header Files</Filter>
    </ClInclude>
    <ClInclude Include="M2AnimationManager.h">
      <Filter>Header Files</Filter>
    </ClInclude>
    <ClInclude Include="M2Skeleton.h">
      <Filter>Header Files</Filter>
    </ClInclude>
    <ClInclude Include="M2BoneTableEnum.h">
      <Filter>Header Files</Filter>
    </ClInclude>
  </ItemGroup>
  <ItemGroup>
    <ClCompile Include="stdafx.cpp">
      <Filter>Source Files</Filter>
    </ClCompile>
    <ClCompile Include="M2Loader.cpp">
      <Filter>Source Files</Filter>
    </ClCompile>
    <ClCompile Include="M2Particle.cpp">
      <Filter>Source Files</Filter>
    </ClCompile>
    <ClCompile Include="Model_M2.cpp">
      <Filter>Source Files</Filter>
    </ClCompile>
    <ClCompile Include="Model_M2Format.cpp">
      <Filter>Source Files</Filter>
    </ClCompile>
    <ClCompile Include="..\EngineCore\Util\GameLog.cpp">
      <Filter>Source Files</Filter>
    </ClCompile>
    <ClCompile Include="mpq_libmpq.cpp">
      <Filter>Source Files</Filter>
    </ClCompile>
    <ClCompile Include="util.cpp">
      <Filter>Source Files</Filter>
    </ClCompile>
    <ClCompile Include="M2_Manager.cpp">
      <Filter>Source Files</Filter>
    </ClCompile>
    <ClCompile Include="M2ModelEdit.cpp">
      <Filter>Header Files</Filter>
    </ClCompile>
    <ClCompile Include="database.cpp">
      <Filter>Source Files</Filter>
    </ClCompile>
    <ClCompile Include="M2Util.cpp">
      <Filter>Source Files</Filter>
    </ClCompile>
    <ClCompile Include="Model_M2Interpolator.cpp">
      <Filter>Source Files</Filter>
    </ClCompile>
    <ClCompile Include="M2AnimationManager.cpp">
      <Filter>Header Files</Filter>
    </ClCompile>
    <ClCompile Include="M2Skeleton.cpp">
      <Filter>Header Files</Filter>
    </ClCompile>
    <ClCompile Include="Release\dbcfile.cpp">
      <Filter>Source Files</Filter>
    </ClCompile>
  </ItemGroup>
</Project>