<?xml version="1.0" encoding="utf-8"?>
<Project ToolsVersion="4.0" xmlns="http://schemas.microsoft.com/developer/msbuild/2003">
  <ItemGroup>
    <Filter Include="Source Files">
      <UniqueIdentifier>{4FC737F1-C7A5-4376-A066-2A32D752A2FF}</UniqueIdentifier>
      <Extensions>cpp;c;cc;cxx;def;odl;idl;hpj;bat;asm;asmx</Extensions>
    </Filter>
    <Filter Include="Header Files">
      <UniqueIdentifier>{93995380-89BD-4b04-88EB-625FBE52EBFB}</UniqueIdentifier>
      <Extensions>h;hpp;hxx;hm;inl;inc;xsd</Extensions>
    </Filter>
    <Filter Include="Resource Files">
      <UniqueIdentifier>{67DA6AB6-F800-4c08-8B7A-83BB121AAD01}</UniqueIdentifier>
      <Extensions>rc;ico;cur;bmp;dlg;rc2;rct;bin;rgs;gif;jpg;jpeg;jpe;resx;tiff;tif;png;wav;mfcribbon-ms</Extensions>
    </Filter>
    <Filter Include="Header Files\Geometry">
      <UniqueIdentifier>{1a929e90-9eb6-44b2-8c51-dbd0381269f2}</UniqueIdentifier>
    </Filter>
  </ItemGroup>
  <ItemGroup>
    <None Include="ReadMe.txt" />
    <None Include="..\..\..\bin\Data\Shaders\Terrain.shd" />
  </ItemGroup>
  <ItemGroup>
    <ClInclude Include="stdafx.h">
      <Filter>Header Files</Filter>
    </ClInclude>
    <ClInclude Include="targetver.h">
      <Filter>Header Files</Filter>
    </ClInclude>
    <ClInclude Include="Terrain.h">
      <Filter>Header Files</Filter>
    </ClInclude>
    <ClInclude Include="TerrainSectorMesh.h">
      <Filter>Header Files\Geometry</Filter>
    </ClInclude>
    <ClInclude Include="TerrainSectorManager.h">
      <Filter>Header Files\Geometry</Filter>
    </ClInclude>
    <ClInclude Include="TerrainConfig.h">
      <Filter>Header Files</Filter>
    </ClInclude>
    <ClInclude Include="TerrainSector.h">
      <Filter>Header Files\Geometry</Filter>
    </ClInclude>
    <ClInclude Include="SectorTile.h">
      <Filter>Header Files\Geometry</Filter>
    </ClInclude>
    <ClInclude Include="TerrainCollisionMesh.h">
      <Filter>Header Files\Geometry</Filter>
    </ClInclude>
    <ClInclude Include="TerrainVisibilityCollector.h">
      <Filter>Header Files\Geometry</Filter>
    </ClInclude>
    <ClInclude Include="BitField.h">
      <Filter>Header Files\Geometry</Filter>
    </ClInclude>
    <ClInclude Include="LargePosition.h">
      <Filter>Header Files</Filter>
    </ClInclude>
    <ClInclude Include="TerrainLib.h">
      <Filter>Header Files</Filter>
    </ClInclude>
    <ClInclude Include="SectorVisibilityZone.h">
      <Filter>Header Files\Geometry</Filter>
    </ClInclude>
    <ClInclude Include="RenderContext.h">
      <Filter>Header Files</Filter>
    </ClInclude>
  </ItemGroup>
  <ItemGroup>
    <ClCompile Include="stdafx.cpp">
      <Filter>Source Files</Filter>
    </ClCompile>
    <ClCompile Include="TerrainSectorManager.cpp">
      <Filter>Header Files\Geometry</Filter>
    </ClCompile>
    <ClCompile Include="Terrain.cpp">
      <Filter>Source Files</Filter>
    </ClCompile>
    <ClCompile Include="TerrainVisibilityCollector.cpp">
      <Filter>Header Files\Geometry</Filter>
    </ClCompile>
    <ClCompile Include="SectorTile.cpp">
      <Filter>Header Files\Geometry</Filter>
    </ClCompile>
    <ClCompile Include="TerrainSectorMesh.cpp">
      <Filter>Header Files\Geometry</Filter>
    </ClCompile>
    <ClCompile Include="TerrainConfig.cpp">
      <Filter>Header Files\Geometry</Filter>
    </ClCompile>
    <ClCompile Include="SectorVisiblityZone.cpp">
      <Filter>Header Files\Geometry</Filter>
    </ClCompile>
    <ClCompile Include="TerrainSector.cpp">
      <Filter>Header Files\Geometry</Filter>
    </ClCompile>
    <ClCompile Include="RenderContext.cpp">
      <Filter>Header Files\Geometry</Filter>
    </ClCompile>
  </ItemGroup>
</Project>