
Microsoft Visual Studio Solution File, Format Version 11.00
# Visual Studio 2010
Project("{8BC9CEB8-8B4A-11D0-8D11-00A0C91BC942}") = "MyGame", "MyGame.vcxproj", "{D3D10105-96D0-4629-88B8-122C0256058C}"
EndProject
Project("{8BC9CEB8-8B4A-11D0-8D11-00A0C91BC942}") = "hkgDx9", "..\extlib\hk610r1\Demo\Graphics\Dx9\hkgDx9_win32_10-0 .vcxproj", "{91786697-F364-430F-B1EE-5591943C3ED1}"
EndProject
Project("{8BC9CEB8-8B4A-11D0-8D11-00A0C91BC942}") = "hkBase", "..\extlib\hk610r1\Source\Common\Base\hkBase_win32_10-0.vcxproj", "{BB95D3FE-94B6-4E81-AFD8-52AD8D9EA44D}"
EndProject
Project("{8BC9CEB8-8B4A-11D0-8D11-00A0C91BC942}") = "hkSceneData", "..\extlib\hk610r1\Source\Common\SceneData\hkSceneData_win32_8-0.vcxproj", "{02221BF7-9239-4B57-9FB2-1982070DA7E0}"
EndProject
Project("{8BC9CEB8-8B4A-11D0-8D11-00A0C91BC942}") = "hkgCommon", "..\extlib\hk610r1\Demo\Graphics\Common\hkgCommon_win32_8-0.vcxproj", "{E515C067-CAE7-45FD-9873-9BEBA3F960AC}"
EndProject
Project("{8BC9CEB8-8B4A-11D0-8D11-00A0C91BC942}") = "hkgBridge", "..\extlib\hk610r1\Demo\Graphics\Bridge\hkgBridge_win32_8-0.vcxproj", "{4FC2F873-6528-4052-B5A7-D56D961258E5}"
EndProject
Project("{8BC9CEB8-8B4A-11D0-8D11-00A0C91BC942}") = "hkGeometryUtilities", "..\extlib\hk610r1\Source\Common\GeometryUtilities\hkGeometryUtilities_win32_8-0.vcxproj", "{9E2E7BB8-428B-4A66-BFFF-CFDE4183D727}"
EndProject
Project("{8BC9CEB8-8B4A-11D0-8D11-00A0C91BC942}") = "BugslayerUtil", "..\extlib\BugslayerUtil\BugslayerUtil.vcxproj", "{D4CB82B1-7291-478E-A8C3-AE93CB634F0A}"
EndProject
Global
	GlobalSection(SolutionConfigurationPlatforms) = preSolution
		Debug Multithreaded DLL|Win32 = Debug Multithreaded DLL|Win32
		Debug Multithreaded DLL|x64 = Debug Multithreaded DLL|x64
		Debug Multithreaded|Win32 = Debug Multithreaded|Win32
		Debug Multithreaded|x64 = Debug Multithreaded|x64
		Debug|Win32 = Debug|Win32
		Debug|x64 = Debug|x64
		FullDebug Multithreaded DLL|Win32 = FullDebug Multithreaded DLL|Win32
		FullDebug Multithreaded DLL|x64 = FullDebug Multithreaded DLL|x64
		FullDebug Multithreaded|Win32 = FullDebug Multithreaded|Win32
		FullDebug Multithreaded|x64 = FullDebug Multithreaded|x64
		Hybrid Multithreaded DLL|Win32 = Hybrid Multithreaded DLL|Win32
		Hybrid Multithreaded DLL|x64 = Hybrid Multithreaded DLL|x64
		Profile|Win32 = Profile|Win32
		Profile|x64 = Profile|x64
		Release Multithreaded DLL|Win32 = Release Multithreaded DLL|Win32
		Release Multithreaded DLL|x64 = Release Multithreaded DLL|x64
		Release Multithreaded|Win32 = Release Multithreaded|Win32
		Release Multithreaded|x64 = Release Multithreaded|x64
		Release|Win32 = Release|Win32
		Release|x64 = Release|x64
	EndGlobalSection
	GlobalSection(ProjectConfigurationPlatforms) = postSolution
		{D3D10105-96D0-4629-88B8-122C0256058C}.Debug Multithreaded DLL|Win32.ActiveCfg = Debug|x64
		{D3D10105-96D0-4629-88B8-122C0256058C}.Debug Multithreaded DLL|x64.ActiveCfg = Debug|x64
		{D3D10105-96D0-4629-88B8-122C0256058C}.Debug Multithreaded DLL|x64.Build.0 = Debug|x64
		{D3D10105-96D0-4629-88B8-122C0256058C}.Debug Multithreaded|Win32.ActiveCfg = Debug|x64
		{D3D10105-96D0-4629-88B8-122C0256058C}.Debug Multithreaded|x64.ActiveCfg = Debug|x64
		{D3D10105-96D0-4629-88B8-122C0256058C}.Debug Multithreaded|x64.Build.0 = Debug|x64
		{D3D10105-96D0-4629-88B8-122C0256058C}.Debug|Win32.ActiveCfg = Debug|Win32
		{D3D10105-96D0-4629-88B8-122C0256058C}.Debug|Win32.Build.0 = Debug|Win32
		{D3D10105-96D0-4629-88B8-122C0256058C}.Debug|x64.ActiveCfg = Debug|x64
		{D3D10105-96D0-4629-88B8-122C0256058C}.Debug|x64.Build.0 = Debug|x64
		{D3D10105-96D0-4629-88B8-122C0256058C}.FullDebug Multithreaded DLL|Win32.ActiveCfg = Debug|x64
		{D3D10105-96D0-4629-88B8-122C0256058C}.FullDebug Multithreaded DLL|x64.ActiveCfg = Debug|x64
		{D3D10105-96D0-4629-88B8-122C0256058C}.FullDebug Multithreaded DLL|x64.Build.0 = Debug|x64
		{D3D10105-96D0-4629-88B8-122C0256058C}.FullDebug Multithreaded|Win32.ActiveCfg = Debug|x64
		{D3D10105-96D0-4629-88B8-122C0256058C}.FullDebug Multithreaded|x64.ActiveCfg = Debug|x64
		{D3D10105-96D0-4629-88B8-122C0256058C}.FullDebug Multithreaded|x64.Build.0 = Debug|x64
		{D3D10105-96D0-4629-88B8-122C0256058C}.Hybrid Multithreaded DLL|Win32.ActiveCfg = Release|x64
		{D3D10105-96D0-4629-88B8-122C0256058C}.Hybrid Multithreaded DLL|x64.ActiveCfg = Release|x64
		{D3D10105-96D0-4629-88B8-122C0256058C}.Hybrid Multithreaded DLL|x64.Build.0 = Release|x64
		{D3D10105-96D0-4629-88B8-122C0256058C}.Profile|Win32.ActiveCfg = Profile|Win32
		{D3D10105-96D0-4629-88B8-122C0256058C}.Profile|Win32.Build.0 = Profile|Win32
		{D3D10105-96D0-4629-88B8-122C0256058C}.Profile|x64.ActiveCfg = Profile|x64
		{D3D10105-96D0-4629-88B8-122C0256058C}.Profile|x64.Build.0 = Profile|x64
		{D3D10105-96D0-4629-88B8-122C0256058C}.Release Multithreaded DLL|Win32.ActiveCfg = Release|x64
		{D3D10105-96D0-4629-88B8-122C0256058C}.Release Multithreaded DLL|x64.ActiveCfg = Release|x64
		{D3D10105-96D0-4629-88B8-122C0256058C}.Release Multithreaded DLL|x64.Build.0 = Release|x64
		{D3D10105-96D0-4629-88B8-122C0256058C}.Release Multithreaded|Win32.ActiveCfg = Release|x64
		{D3D10105-96D0-4629-88B8-122C0256058C}.Release Multithreaded|x64.ActiveCfg = Release|x64
		{D3D10105-96D0-4629-88B8-122C0256058C}.Release Multithreaded|x64.Build.0 = Release|x64
		{D3D10105-96D0-4629-88B8-122C0256058C}.Release|Win32.ActiveCfg = Release|Win32
		{D3D10105-96D0-4629-88B8-122C0256058C}.Release|Win32.Build.0 = Release|Win32
		{D3D10105-96D0-4629-88B8-122C0256058C}.Release|x64.ActiveCfg = Release|x64
		{D3D10105-96D0-4629-88B8-122C0256058C}.Release|x64.Build.0 = Release|x64
		{91786697-F364-430F-B1EE-5591943C3ED1}.Debug Multithreaded DLL|Win32.ActiveCfg = Debug Multithreaded DLL|Win32
		{91786697-F364-430F-B1EE-5591943C3ED1}.Debug Multithreaded DLL|Win32.Build.0 = Debug Multithreaded DLL|Win32
		{91786697-F364-430F-B1EE-5591943C3ED1}.Debug Multithreaded DLL|x64.ActiveCfg = Debug Multithreaded DLL|Win32
		{91786697-F364-430F-B1EE-5591943C3ED1}.Debug Multithreaded|Win32.ActiveCfg = Debug Multithreaded|Win32
		{91786697-F364-430F-B1EE-5591943C3ED1}.Debug Multithreaded|Win32.Build.0 = Debug Multithreaded|Win32
		{91786697-F364-430F-B1EE-5591943C3ED1}.Debug Multithreaded|x64.ActiveCfg = Debug Multithreaded|Win32
		{91786697-F364-430F-B1EE-5591943C3ED1}.Debug|Win32.ActiveCfg = Debug Multithreaded|Win32
		{91786697-F364-430F-B1EE-5591943C3ED1}.Debug|Win32.Build.0 = Debug Multithreaded|Win32
		{91786697-F364-430F-B1EE-5591943C3ED1}.Debug|x64.ActiveCfg = Debug Multithreaded|Win32
		{91786697-F364-430F-B1EE-5591943C3ED1}.FullDebug Multithreaded DLL|Win32.ActiveCfg = FullDebug Multithreaded DLL|Win32
		{91786697-F364-430F-B1EE-5591943C3ED1}.FullDebug Multithreaded DLL|Win32.Build.0 = FullDebug Multithreaded DLL|Win32
		{91786697-F364-430F-B1EE-5591943C3ED1}.FullDebug Multithreaded DLL|x64.ActiveCfg = FullDebug Multithreaded DLL|Win32
		{91786697-F364-430F-B1EE-5591943C3ED1}.FullDebug Multithreaded|Win32.ActiveCfg = FullDebug Multithreaded|Win32
		{91786697-F364-430F-B1EE-5591943C3ED1}.FullDebug Multithreaded|Win32.Build.0 = FullDebug Multithreaded|Win32
		{91786697-F364-430F-B1EE-5591943C3ED1}.FullDebug Multithreaded|x64.ActiveCfg = FullDebug Multithreaded|Win32
		{91786697-F364-430F-B1EE-5591943C3ED1}.Hybrid Multithreaded DLL|Win32.ActiveCfg = Hybrid Multithreaded DLL|Win32
		{91786697-F364-430F-B1EE-5591943C3ED1}.Hybrid Multithreaded DLL|Win32.Build.0 = Hybrid Multithreaded DLL|Win32
		{91786697-F364-430F-B1EE-5591943C3ED1}.Hybrid Multithreaded DLL|x64.ActiveCfg = Hybrid Multithreaded DLL|Win32
		{91786697-F364-430F-B1EE-5591943C3ED1}.Profile|Win32.ActiveCfg = Release Multithreaded|Win32
		{91786697-F364-430F-B1EE-5591943C3ED1}.Profile|Win32.Build.0 = Release Multithreaded|Win32
		{91786697-F364-430F-B1EE-5591943C3ED1}.Profile|x64.ActiveCfg = Release Multithreaded|Win32
		{91786697-F364-430F-B1EE-5591943C3ED1}.Release Multithreaded DLL|Win32.ActiveCfg = Release Multithreaded DLL|Win32
		{91786697-F364-430F-B1EE-5591943C3ED1}.Release Multithreaded DLL|Win32.Build.0 = Release Multithreaded DLL|Win32
		{91786697-F364-430F-B1EE-5591943C3ED1}.Release Multithreaded DLL|x64.ActiveCfg = Release Multithreaded DLL|Win32
		{91786697-F364-430F-B1EE-5591943C3ED1}.Release Multithreaded|Win32.ActiveCfg = Release Multithreaded|Win32
		{91786697-F364-430F-B1EE-5591943C3ED1}.Release Multithreaded|Win32.Build.0 = Release Multithreaded|Win32
		{91786697-F364-430F-B1EE-5591943C3ED1}.Release Multithreaded|x64.ActiveCfg = Release Multithreaded|Win32
		{91786697-F364-430F-B1EE-5591943C3ED1}.Release|Win32.ActiveCfg = Release Multithreaded|Win32
		{91786697-F364-430F-B1EE-5591943C3ED1}.Release|Win32.Build.0 = Release Multithreaded|Win32
		{91786697-F364-430F-B1EE-5591943C3ED1}.Release|x64.ActiveCfg = Release Multithreaded|Win32
		{BB95D3FE-94B6-4E81-AFD8-52AD8D9EA44D}.Debug Multithreaded DLL|Win32.ActiveCfg = Debug Multithreaded DLL|Win32
		{BB95D3FE-94B6-4E81-AFD8-52AD8D9EA44D}.Debug Multithreaded DLL|Win32.Build.0 = Debug Multithreaded DLL|Win32
		{BB95D3FE-94B6-4E81-AFD8-52AD8D9EA44D}.Debug Multithreaded DLL|x64.ActiveCfg = Debug Multithreaded DLL|Win32
		{BB95D3FE-94B6-4E81-AFD8-52AD8D9EA44D}.Debug Multithreaded|Win32.ActiveCfg = Debug Multithreaded|Win32
		{BB95D3FE-94B6-4E81-AFD8-52AD8D9EA44D}.Debug Multithreaded|Win32.Build.0 = Debug Multithreaded|Win32
		{BB95D3FE-94B6-4E81-AFD8-52AD8D9EA44D}.Debug Multithreaded|x64.ActiveCfg = Debug Multithreaded|Win32
		{BB95D3FE-94B6-4E81-AFD8-52AD8D9EA44D}.Debug|Win32.ActiveCfg = Debug Multithreaded|Win32
		{BB95D3FE-94B6-4E81-AFD8-52AD8D9EA44D}.Debug|Win32.Build.0 = Debug Multithreaded|Win32
		{BB95D3FE-94B6-4E81-AFD8-52AD8D9EA44D}.Debug|x64.ActiveCfg = Debug Multithreaded|Win32
		{BB95D3FE-94B6-4E81-AFD8-52AD8D9EA44D}.FullDebug Multithreaded DLL|Win32.ActiveCfg = FullDebug Multithreaded DLL|Win32
		{BB95D3FE-94B6-4E81-AFD8-52AD8D9EA44D}.FullDebug Multithreaded DLL|Win32.Build.0 = FullDebug Multithreaded DLL|Win32
		{BB95D3FE-94B6-4E81-AFD8-52AD8D9EA44D}.FullDebug Multithreaded DLL|x64.ActiveCfg = FullDebug Multithreaded DLL|Win32
		{BB95D3FE-94B6-4E81-AFD8-52AD8D9EA44D}.FullDebug Multithreaded|Win32.ActiveCfg = FullDebug Multithreaded|Win32
		{BB95D3FE-94B6-4E81-AFD8-52AD8D9EA44D}.FullDebug Multithreaded|Win32.Build.0 = FullDebug Multithreaded|Win32
		{BB95D3FE-94B6-4E81-AFD8-52AD8D9EA44D}.FullDebug Multithreaded|x64.ActiveCfg = FullDebug Multithreaded|Win32
		{BB95D3FE-94B6-4E81-AFD8-52AD8D9EA44D}.Hybrid Multithreaded DLL|Win32.ActiveCfg = Hybrid Multithreaded DLL|Win32
		{BB95D3FE-94B6-4E81-AFD8-52AD8D9EA44D}.Hybrid Multithreaded DLL|Win32.Build.0 = Hybrid Multithreaded DLL|Win32
		{BB95D3FE-94B6-4E81-AFD8-52AD8D9EA44D}.Hybrid Multithreaded DLL|x64.ActiveCfg = Hybrid Multithreaded DLL|Win32
		{BB95D3FE-94B6-4E81-AFD8-52AD8D9EA44D}.Profile|Win32.ActiveCfg = Release Multithreaded|Win32
		{BB95D3FE-94B6-4E81-AFD8-52AD8D9EA44D}.Profile|Win32.Build.0 = Release Multithreaded|Win32
		{BB95D3FE-94B6-4E81-AFD8-52AD8D9EA44D}.Profile|x64.ActiveCfg = Release Multithreaded|Win32
		{BB95D3FE-94B6-4E81-AFD8-52AD8D9EA44D}.Release Multithreaded DLL|Win32.ActiveCfg = Release Multithreaded DLL|Win32
		{BB95D3FE-94B6-4E81-AFD8-52AD8D9EA44D}.Release Multithreaded DLL|Win32.Build.0 = Release Multithreaded DLL|Win32
		{BB95D3FE-94B6-4E81-AFD8-52AD8D9EA44D}.Release Multithreaded DLL|x64.ActiveCfg = Release Multithreaded DLL|Win32
		{BB95D3FE-94B6-4E81-AFD8-52AD8D9EA44D}.Release Multithreaded|Win32.ActiveCfg = Release Multithreaded|Win32
		{BB95D3FE-94B6-4E81-AFD8-52AD8D9EA44D}.Release Multithreaded|Win32.Build.0 = Release Multithreaded|Win32
		{BB95D3FE-94B6-4E81-AFD8-52AD8D9EA44D}.Release Multithreaded|x64.ActiveCfg = Release Multithreaded|Win32
		{BB95D3FE-94B6-4E81-AFD8-52AD8D9EA44D}.Release|Win32.ActiveCfg = Release Multithreaded|Win32
		{BB95D3FE-94B6-4E81-AFD8-52AD8D9EA44D}.Release|Win32.Build.0 = Release Multithreaded|Win32
		{BB95D3FE-94B6-4E81-AFD8-52AD8D9EA44D}.Release|x64.ActiveCfg = Release Multithreaded|Win32
		{02221BF7-9239-4B57-9FB2-1982070DA7E0}.Debug Multithreaded DLL|Win32.ActiveCfg = Debug Multithreaded DLL|Win32
		{02221BF7-9239-4B57-9FB2-1982070DA7E0}.Debug Multithreaded DLL|Win32.Build.0 = Debug Multithreaded DLL|Win32
		{02221BF7-9239-4B57-9FB2-1982070DA7E0}.Debug Multithreaded DLL|x64.ActiveCfg = Debug Multithreaded DLL|Win32
		{02221BF7-9239-4B57-9FB2-1982070DA7E0}.Debug Multithreaded|Win32.ActiveCfg = Debug Multithreaded|Win32
		{02221BF7-9239-4B57-9FB2-1982070DA7E0}.Debug Multithreaded|Win32.Build.0 = Debug Multithreaded|Win32
		{02221BF7-9239-4B57-9FB2-1982070DA7E0}.Debug Multithreaded|x64.ActiveCfg = Debug Multithreaded|Win32
		{02221BF7-9239-4B57-9FB2-1982070DA7E0}.Debug|Win32.ActiveCfg = Debug Multithreaded|Win32
		{02221BF7-9239-4B57-9FB2-1982070DA7E0}.Debug|Win32.Build.0 = Debug Multithreaded|Win32
		{02221BF7-9239-4B57-9FB2-1982070DA7E0}.Debug|x64.ActiveCfg = Debug Multithreaded|Win32
		{02221BF7-9239-4B57-9FB2-1982070DA7E0}.FullDebug Multithreaded DLL|Win32.ActiveCfg = FullDebug Multithreaded DLL|Win32
		{02221BF7-9239-4B57-9FB2-1982070DA7E0}.FullDebug Multithreaded DLL|Win32.Build.0 = FullDebug Multithreaded DLL|Win32
		{02221BF7-9239-4B57-9FB2-1982070DA7E0}.FullDebug Multithreaded DLL|x64.ActiveCfg = FullDebug Multithreaded DLL|Win32
		{02221BF7-9239-4B57-9FB2-1982070DA7E0}.FullDebug Multithreaded|Win32.ActiveCfg = FullDebug Multithreaded|Win32
		{02221BF7-9239-4B57-9FB2-1982070DA7E0}.FullDebug Multithreaded|Win32.Build.0 = FullDebug Multithreaded|Win32
		{02221BF7-9239-4B57-9FB2-1982070DA7E0}.FullDebug Multithreaded|x64.ActiveCfg = FullDebug Multithreaded|Win32
		{02221BF7-9239-4B57-9FB2-1982070DA7E0}.Hybrid Multithreaded DLL|Win32.ActiveCfg = Hybrid Multithreaded DLL|Win32
		{02221BF7-9239-4B57-9FB2-1982070DA7E0}.Hybrid Multithreaded DLL|Win32.Build.0 = Hybrid Multithreaded DLL|Win32
		{02221BF7-9239-4B57-9FB2-1982070DA7E0}.Hybrid Multithreaded DLL|x64.ActiveCfg = Hybrid Multithreaded DLL|Win32
		{02221BF7-9239-4B57-9FB2-1982070DA7E0}.Profile|Win32.ActiveCfg = Release Multithreaded|Win32
		{02221BF7-9239-4B57-9FB2-1982070DA7E0}.Profile|Win32.Build.0 = Release Multithreaded|Win32
		{02221BF7-9239-4B57-9FB2-1982070DA7E0}.Profile|x64.ActiveCfg = Release Multithreaded|Win32
		{02221BF7-9239-4B57-9FB2-1982070DA7E0}.Release Multithreaded DLL|Win32.ActiveCfg = Release Multithreaded DLL|Win32
		{02221BF7-9239-4B57-9FB2-1982070DA7E0}.Release Multithreaded DLL|Win32.Build.0 = Release Multithreaded DLL|Win32
		{02221BF7-9239-4B57-9FB2-1982070DA7E0}.Release Multithreaded DLL|x64.ActiveCfg = Release Multithreaded DLL|Win32
		{02221BF7-9239-4B57-9FB2-1982070DA7E0}.Release Multithreaded|Win32.ActiveCfg = Release Multithreaded|Win32
		{02221BF7-9239-4B57-9FB2-1982070DA7E0}.Release Multithreaded|Win32.Build.0 = Release Multithreaded|Win32
		{02221BF7-9239-4B57-9FB2-1982070DA7E0}.Release Multithreaded|x64.ActiveCfg = Release Multithreaded|Win32
		{02221BF7-9239-4B57-9FB2-1982070DA7E0}.Release|Win32.ActiveCfg = Release Multithreaded|Win32
		{02221BF7-9239-4B57-9FB2-1982070DA7E0}.Release|Win32.Build.0 = Release Multithreaded|Win32
		{02221BF7-9239-4B57-9FB2-1982070DA7E0}.Release|x64.ActiveCfg = Release Multithreaded|Win32
		{E515C067-CAE7-45FD-9873-9BEBA3F960AC}.Debug Multithreaded DLL|Win32.ActiveCfg = Debug Multithreaded DLL|Win32
		{E515C067-CAE7-45FD-9873-9BEBA3F960AC}.Debug Multithreaded DLL|Win32.Build.0 = Debug Multithreaded DLL|Win32
		{E515C067-CAE7-45FD-9873-9BEBA3F960AC}.Debug Multithreaded DLL|x64.ActiveCfg = Debug Multithreaded DLL|Win32
		{E515C067-CAE7-45FD-9873-9BEBA3F960AC}.Debug Multithreaded|Win32.ActiveCfg = Debug Multithreaded|Win32
		{E515C067-CAE7-45FD-9873-9BEBA3F960AC}.Debug Multithreaded|Win32.Build.0 = Debug Multithreaded|Win32
		{E515C067-CAE7-45FD-9873-9BEBA3F960AC}.Debug Multithreaded|x64.ActiveCfg = Debug Multithreaded|Win32
		{E515C067-CAE7-45FD-9873-9BEBA3F960AC}.Debug|Win32.ActiveCfg = Debug Multithreaded|Win32
		{E515C067-CAE7-45FD-9873-9BEBA3F960AC}.Debug|Win32.Build.0 = Debug Multithreaded|Win32
		{E515C067-CAE7-45FD-9873-9BEBA3F960AC}.Debug|x64.ActiveCfg = Debug Multithreaded|Win32
		{E515C067-CAE7-45FD-9873-9BEBA3F960AC}.FullDebug Multithreaded DLL|Win32.ActiveCfg = FullDebug Multithreaded DLL|Win32
		{E515C067-CAE7-45FD-9873-9BEBA3F960AC}.FullDebug Multithreaded DLL|Win32.Build.0 = FullDebug Multithreaded DLL|Win32
		{E515C067-CAE7-45FD-9873-9BEBA3F960AC}.FullDebug Multithreaded DLL|x64.ActiveCfg = FullDebug Multithreaded DLL|Win32
		{E515C067-CAE7-45FD-9873-9BEBA3F960AC}.FullDebug Multithreaded|Win32.ActiveCfg = FullDebug Multithreaded|Win32
		{E515C067-CAE7-45FD-9873-9BEBA3F960AC}.FullDebug Multithreaded|Win32.Build.0 = FullDebug Multithreaded|Win32
		{E515C067-CAE7-45FD-9873-9BEBA3F960AC}.FullDebug Multithreaded|x64.ActiveCfg = FullDebug Multithreaded|Win32
		{E515C067-CAE7-45FD-9873-9BEBA3F960AC}.Hybrid Multithreaded DLL|Win32.ActiveCfg = Hybrid Multithreaded DLL|Win32
		{E515C067-CAE7-45FD-9873-9BEBA3F960AC}.Hybrid Multithreaded DLL|Win32.Build.0 = Hybrid Multithreaded DLL|Win32
		{E515C067-CAE7-45FD-9873-9BEBA3F960AC}.Hybrid Multithreaded DLL|x64.ActiveCfg = Hybrid Multithreaded DLL|Win32
		{E515C067-CAE7-45FD-9873-9BEBA3F960AC}.Profile|Win32.ActiveCfg = Release Multithreaded|Win32
		{E515C067-CAE7-45FD-9873-9BEBA3F960AC}.Profile|Win32.Build.0 = Release Multithreaded|Win32
		{E515C067-CAE7-45FD-9873-9BEBA3F960AC}.Profile|x64.ActiveCfg = Release Multithreaded|Win32
		{E515C067-CAE7-45FD-9873-9BEBA3F960AC}.Release Multithreaded DLL|Win32.ActiveCfg = Release Multithreaded DLL|Win32
		{E515C067-CAE7-45FD-9873-9BEBA3F960AC}.Release Multithreaded DLL|Win32.Build.0 = Release Multithreaded DLL|Win32
		{E515C067-CAE7-45FD-9873-9BEBA3F960AC}.Release Multithreaded DLL|x64.ActiveCfg = Release Multithreaded DLL|Win32
		{E515C067-CAE7-45FD-9873-9BEBA3F960AC}.Release Multithreaded|Win32.ActiveCfg = Release Multithreaded|Win32
		{E515C067-CAE7-45FD-9873-9BEBA3F960AC}.Release Multithreaded|Win32.Build.0 = Release Multithreaded|Win32
		{E515C067-CAE7-45FD-9873-9BEBA3F960AC}.Release Multithreaded|x64.ActiveCfg = Release Multithreaded|Win32
		{E515C067-CAE7-45FD-9873-9BEBA3F960AC}.Release|Win32.ActiveCfg = Release Multithreaded|Win32
		{E515C067-CAE7-45FD-9873-9BEBA3F960AC}.Release|Win32.Build.0 = Release Multithreaded|Win32
		{E515C067-CAE7-45FD-9873-9BEBA3F960AC}.Release|x64.ActiveCfg = Release Multithreaded|Win32
		{4FC2F873-6528-4052-B5A7-D56D961258E5}.Debug Multithreaded DLL|Win32.ActiveCfg = Debug Multithreaded DLL|Win32
		{4FC2F873-6528-4052-B5A7-D56D961258E5}.Debug Multithreaded DLL|Win32.Build.0 = Debug Multithreaded DLL|Win32
		{4FC2F873-6528-4052-B5A7-D56D961258E5}.Debug Multithreaded DLL|x64.ActiveCfg = Debug Multithreaded DLL|Win32
		{4FC2F873-6528-4052-B5A7-D56D961258E5}.Debug Multithreaded|Win32.ActiveCfg = Debug Multithreaded|Win32
		{4FC2F873-6528-4052-B5A7-D56D961258E5}.Debug Multithreaded|Win32.Build.0 = Debug Multithreaded|Win32
		{4FC2F873-6528-4052-B5A7-D56D961258E5}.Debug Multithreaded|x64.ActiveCfg = Debug Multithreaded|Win32
		{4FC2F873-6528-4052-B5A7-D56D961258E5}.Debug|Win32.ActiveCfg = Debug Multithreaded|Win32
		{4FC2F873-6528-4052-B5A7-D56D961258E5}.Debug|Win32.Build.0 = Debug Multithreaded|Win32
		{4FC2F873-6528-4052-B5A7-D56D961258E5}.Debug|x64.ActiveCfg = Debug Multithreaded|Win32
		{4FC2F873-6528-4052-B5A7-D56D961258E5}.FullDebug Multithreaded DLL|Win32.ActiveCfg = FullDebug Multithreaded DLL|Win32
		{4FC2F873-6528-4052-B5A7-D56D961258E5}.FullDebug Multithreaded DLL|Win32.Build.0 = FullDebug Multithreaded DLL|Win32
		{4FC2F873-6528-4052-B5A7-D56D961258E5}.FullDebug Multithreaded DLL|x64.ActiveCfg = FullDebug Multithreaded DLL|Win32
		{4FC2F873-6528-4052-B5A7-D56D961258E5}.FullDebug Multithreaded|Win32.ActiveCfg = FullDebug Multithreaded|Win32
		{4FC2F873-6528-4052-B5A7-D56D961258E5}.FullDebug Multithreaded|Win32.Build.0 = FullDebug Multithreaded|Win32
		{4FC2F873-6528-4052-B5A7-D56D961258E5}.FullDebug Multithreaded|x64.ActiveCfg = FullDebug Multithreaded|Win32
		{4FC2F873-6528-4052-B5A7-D56D961258E5}.Hybrid Multithreaded DLL|Win32.ActiveCfg = Hybrid Multithreaded DLL|Win32
		{4FC2F873-6528-4052-B5A7-D56D961258E5}.Hybrid Multithreaded DLL|Win32.Build.0 = Hybrid Multithreaded DLL|Win32
		{4FC2F873-6528-4052-B5A7-D56D961258E5}.Hybrid Multithreaded DLL|x64.ActiveCfg = Hybrid Multithreaded DLL|Win32
		{4FC2F873-6528-4052-B5A7-D56D961258E5}.Profile|Win32.ActiveCfg = Release Multithreaded|Win32
		{4FC2F873-6528-4052-B5A7-D56D961258E5}.Profile|Win32.Build.0 = Release Multithreaded|Win32
		{4FC2F873-6528-4052-B5A7-D56D961258E5}.Profile|x64.ActiveCfg = Release Multithreaded|Win32
		{4FC2F873-6528-4052-B5A7-D56D961258E5}.Release Multithreaded DLL|Win32.ActiveCfg = Release Multithreaded DLL|Win32
		{4FC2F873-6528-4052-B5A7-D56D961258E5}.Release Multithreaded DLL|Win32.Build.0 = Release Multithreaded DLL|Win32
		{4FC2F873-6528-4052-B5A7-D56D961258E5}.Release Multithreaded DLL|x64.ActiveCfg = Release Multithreaded DLL|Win32
		{4FC2F873-6528-4052-B5A7-D56D961258E5}.Release Multithreaded|Win32.ActiveCfg = Release Multithreaded|Win32
		{4FC2F873-6528-4052-B5A7-D56D961258E5}.Release Multithreaded|Win32.Build.0 = Release Multithreaded|Win32
		{4FC2F873-6528-4052-B5A7-D56D961258E5}.Release Multithreaded|x64.ActiveCfg = Release Multithreaded|Win32
		{4FC2F873-6528-4052-B5A7-D56D961258E5}.Release|Win32.ActiveCfg = Release Multithreaded|Win32
		{4FC2F873-6528-4052-B5A7-D56D961258E5}.Release|Win32.Build.0 = Release Multithreaded|Win32
		{4FC2F873-6528-4052-B5A7-D56D961258E5}.Release|x64.ActiveCfg = Release Multithreaded|Win32
		{9E2E7BB8-428B-4A66-BFFF-CFDE4183D727}.Debug Multithreaded DLL|Win32.ActiveCfg = Debug Multithreaded DLL|Win32
		{9E2E7BB8-428B-4A66-BFFF-CFDE4183D727}.Debug Multithreaded DLL|Win32.Build.0 = Debug Multithreaded DLL|Win32
		{9E2E7BB8-428B-4A66-BFFF-CFDE4183D727}.Debug Multithreaded DLL|x64.ActiveCfg = Debug Multithreaded DLL|Win32
		{9E2E7BB8-428B-4A66-BFFF-CFDE4183D727}.Debug Multithreaded|Win32.ActiveCfg = Debug Multithreaded|Win32
		{9E2E7BB8-428B-4A66-BFFF-CFDE4183D727}.Debug Multithreaded|Win32.Build.0 = Debug Multithreaded|Win32
		{9E2E7BB8-428B-4A66-BFFF-CFDE4183D727}.Debug Multithreaded|x64.ActiveCfg = Debug Multithreaded|Win32
		{9E2E7BB8-428B-4A66-BFFF-CFDE4183D727}.Debug|Win32.ActiveCfg = Debug Multithreaded|Win32
		{9E2E7BB8-428B-4A66-BFFF-CFDE4183D727}.Debug|Win32.Build.0 = Debug Multithreaded|Win32
		{9E2E7BB8-428B-4A66-BFFF-CFDE4183D727}.Debug|x64.ActiveCfg = Debug Multithreaded|Win32
		{9E2E7BB8-428B-4A66-BFFF-CFDE4183D727}.FullDebug Multithreaded DLL|Win32.ActiveCfg = FullDebug Multithreaded DLL|Win32
		{9E2E7BB8-428B-4A66-BFFF-CFDE4183D727}.FullDebug Multithreaded DLL|Win32.Build.0 = FullDebug Multithreaded DLL|Win32
		{9E2E7BB8-428B-4A66-BFFF-CFDE4183D727}.FullDebug Multithreaded DLL|x64.ActiveCfg = FullDebug Multithreaded DLL|Win32
		{9E2E7BB8-428B-4A66-BFFF-CFDE4183D727}.FullDebug Multithreaded|Win32.ActiveCfg = FullDebug Multithreaded|Win32
		{9E2E7BB8-428B-4A66-BFFF-CFDE4183D727}.FullDebug Multithreaded|Win32.Build.0 = FullDebug Multithreaded|Win32
		{9E2E7BB8-428B-4A66-BFFF-CFDE4183D727}.FullDebug Multithreaded|x64.ActiveCfg = FullDebug Multithreaded|Win32
		{9E2E7BB8-428B-4A66-BFFF-CFDE4183D727}.Hybrid Multithreaded DLL|Win32.ActiveCfg = Hybrid Multithreaded DLL|Win32
		{9E2E7BB8-428B-4A66-BFFF-CFDE4183D727}.Hybrid Multithreaded DLL|Win32.Build.0 = Hybrid Multithreaded DLL|Win32
		{9E2E7BB8-428B-4A66-BFFF-CFDE4183D727}.Hybrid Multithreaded DLL|x64.ActiveCfg = Hybrid Multithreaded DLL|Win32
		{9E2E7BB8-428B-4A66-BFFF-CFDE4183D727}.Profile|Win32.ActiveCfg = Release Multithreaded|Win32
		{9E2E7BB8-428B-4A66-BFFF-CFDE4183D727}.Profile|Win32.Build.0 = Release Multithreaded|Win32
		{9E2E7BB8-428B-4A66-BFFF-CFDE4183D727}.Profile|x64.ActiveCfg = Release Multithreaded|Win32
		{9E2E7BB8-428B-4A66-BFFF-CFDE4183D727}.Release Multithreaded DLL|Win32.ActiveCfg = Release Multithreaded DLL|Win32
		{9E2E7BB8-428B-4A66-BFFF-CFDE4183D727}.Release Multithreaded DLL|Win32.Build.0 = Release Multithreaded DLL|Win32
		{9E2E7BB8-428B-4A66-BFFF-CFDE4183D727}.Release Multithreaded DLL|x64.ActiveCfg = Release Multithreaded DLL|Win32
		{9E2E7BB8-428B-4A66-BFFF-CFDE4183D727}.Release Multithreaded|Win32.ActiveCfg = Release Multithreaded|Win32
		{9E2E7BB8-428B-4A66-BFFF-CFDE4183D727}.Release Multithreaded|Win32.Build.0 = Release Multithreaded|Win32
		{9E2E7BB8-428B-4A66-BFFF-CFDE4183D727}.Release Multithreaded|x64.ActiveCfg = Release Multithreaded|Win32
		{9E2E7BB8-428B-4A66-BFFF-CFDE4183D727}.Release|Win32.ActiveCfg = Release Multithreaded|Win32
		{9E2E7BB8-428B-4A66-BFFF-CFDE4183D727}.Release|Win32.Build.0 = Release Multithreaded|Win32
		{9E2E7BB8-428B-4A66-BFFF-CFDE4183D727}.Release|x64.ActiveCfg = Release Multithreaded|Win32
		{D4CB82B1-7291-478E-A8C3-AE93CB634F0A}.Debug Multithreaded DLL|Win32.ActiveCfg = Debug|Win32
		{D4CB82B1-7291-478E-A8C3-AE93CB634F0A}.Debug Multithreaded DLL|Win32.Build.0 = Debug|Win32
		{D4CB82B1-7291-478E-A8C3-AE93CB634F0A}.Debug Multithreaded DLL|x64.ActiveCfg = Debug|Win32
		{D4CB82B1-7291-478E-A8C3-AE93CB634F0A}.Debug Multithreaded|Win32.ActiveCfg = Debug|Win32
		{D4CB82B1-7291-478E-A8C3-AE93CB634F0A}.Debug Multithreaded|Win32.Build.0 = Debug|Win32
		{D4CB82B1-7291-478E-A8C3-AE93CB634F0A}.Debug Multithreaded|x64.ActiveCfg = Debug|Win32
		{D4CB82B1-7291-478E-A8C3-AE93CB634F0A}.Debug|Win32.ActiveCfg = Debug|Win32
		{D4CB82B1-7291-478E-A8C3-AE93CB634F0A}.Debug|Win32.Build.0 = Debug|Win32
		{D4CB82B1-7291-478E-A8C3-AE93CB634F0A}.Debug|x64.ActiveCfg = Debug|Win32
		{D4CB82B1-7291-478E-A8C3-AE93CB634F0A}.FullDebug Multithreaded DLL|Win32.ActiveCfg = Debug|Win32
		{D4CB82B1-7291-478E-A8C3-AE93CB634F0A}.FullDebug Multithreaded DLL|Win32.Build.0 = Debug|Win32
		{D4CB82B1-7291-478E-A8C3-AE93CB634F0A}.FullDebug Multithreaded DLL|x64.ActiveCfg = Debug|Win32
		{D4CB82B1-7291-478E-A8C3-AE93CB634F0A}.FullDebug Multithreaded|Win32.ActiveCfg = Debug|Win32
		{D4CB82B1-7291-478E-A8C3-AE93CB634F0A}.FullDebug Multithreaded|Win32.Build.0 = Debug|Win32
		{D4CB82B1-7291-478E-A8C3-AE93CB634F0A}.FullDebug Multithreaded|x64.ActiveCfg = Debug|Win32
		{D4CB82B1-7291-478E-A8C3-AE93CB634F0A}.Hybrid Multithreaded DLL|Win32.ActiveCfg = Release|Win32
		{D4CB82B1-7291-478E-A8C3-AE93CB634F0A}.Hybrid Multithreaded DLL|Win32.Build.0 = Release|Win32
		{D4CB82B1-7291-478E-A8C3-AE93CB634F0A}.Hybrid Multithreaded DLL|x64.ActiveCfg = Release|Win32
		{D4CB82B1-7291-478E-A8C3-AE93CB634F0A}.Profile|Win32.ActiveCfg = Release|Win32
		{D4CB82B1-7291-478E-A8C3-AE93CB634F0A}.Profile|Win32.Build.0 = Release|Win32
		{D4CB82B1-7291-478E-A8C3-AE93CB634F0A}.Profile|x64.ActiveCfg = Release|Win32
		{D4CB82B1-7291-478E-A8C3-AE93CB634F0A}.Release Multithreaded DLL|Win32.ActiveCfg = Release|Win32
		{D4CB82B1-7291-478E-A8C3-AE93CB634F0A}.Release Multithreaded DLL|Win32.Build.0 = Release|Win32
		{D4CB82B1-7291-478E-A8C3-AE93CB634F0A}.Release Multithreaded DLL|x64.ActiveCfg = Release|Win32
		{D4CB82B1-7291-478E-A8C3-AE93CB634F0A}.Release Multithreaded|Win32.ActiveCfg = Release|Win32
		{D4CB82B1-7291-478E-A8C3-AE93CB634F0A}.Release Multithreaded|Win32.Build.0 = Release|Win32
		{D4CB82B1-7291-478E-A8C3-AE93CB634F0A}.Release Multithreaded|x64.ActiveCfg = Release|Win32
		{D4CB82B1-7291-478E-A8C3-AE93CB634F0A}.Release|Win32.ActiveCfg = Release|Win32
		{D4CB82B1-7291-478E-A8C3-AE93CB634F0A}.Release|Win32.Build.0 = Release|Win32
		{D4CB82B1-7291-478E-A8C3-AE93CB634F0A}.Release|x64.ActiveCfg = Release|Win32
	EndGlobalSection
	GlobalSection(SolutionProperties) = preSolution
		HideSolutionNode = FALSE
	EndGlobalSection
EndGlobal
