<?xml version="1.0" encoding="utf-8"?>
<Project ToolsVersion="4.0" xmlns="http://schemas.microsoft.com/developer/msbuild/2003">
  <ItemGroup>
    <Filter Include="Source Files">
      <UniqueIdentifier>{4FC737F1-C7A5-4376-A066-2A32D752A2FF}</UniqueIdentifier>
      <Extensions>cpp;c;cc;cxx;def;odl;idl;hpj;bat;asm;asmx</Extensions>
    </Filter>
    <Filter Include="Header Files">
      <UniqueIdentifier>{93995380-89BD-4b04-88EB-625FBE52EBFB}</UniqueIdentifier>
      <Extensions>h;hpp;hxx;hm;inl;inc;xsd</Extensions>
    </Filter>
    <Filter Include="Resource Files">
      <UniqueIdentifier>{67DA6AB6-F800-4c08-8B7A-83BB121AAD01}</UniqueIdentifier>
      <Extensions>rc;ico;cur;bmp;dlg;rc2;rct;bin;rgs;gif;jpg;jpeg;jpe;resx;tiff;tif;png;wav;mfcribbon-ms</Extensions>
    </Filter>
  </ItemGroup>
  <ItemGroup>
    <ClCompile Include="Main.cpp">
      <Filter>Source Files</Filter>
    </ClCompile>
    <ClCompile Include="EditorPCH.cpp">
      <Filter>Source Files</Filter>
    </ClCompile>
    <ClCompile Include="AnimTreeEditor.cpp">
      <Filter>Source Files</Filter>
    </ClCompile>
    <ClCompile Include="EditorViewport.cpp">
      <Filter>Source Files</Filter>
    </ClCompile>
    <ClCompile Include="UnLinkedObjEditor.cpp">
      <Filter>Source Files</Filter>
    </ClCompile>
    <ClCompile Include="Bitmaps.cpp">
      <Filter>Source Files</Filter>
    </ClCompile>
    <ClCompile Include="ButtonBar.cpp">
      <Filter>Source Files</Filter>
    </ClCompile>
    <ClCompile Include="Buttons.cpp">
      <Filter>Source Files</Filter>
    </ClCompile>
    <ClCompile Include="Controls.cpp">
      <Filter>Source Files</Filter>
    </ClCompile>
    <ClCompile Include="Docking.cpp">
      <Filter>Source Files</Filter>
    </ClCompile>
    <ClCompile Include="DockingParent.cpp">
      <Filter>Source Files</Filter>
    </ClCompile>
    <ClCompile Include="Properties.cpp">
      <Filter>Source Files</Filter>
    </ClCompile>
    <ClCompile Include="DlgGenericComboEntry.cpp">
      <Filter>Source Files</Filter>
    </ClCompile>
    <ClCompile Include="EditorUtil.cpp">
      <Filter>Source Files</Filter>
    </ClCompile>
    <ClCompile Include="UnLinkedObjDrawUtils.cpp">
      <Filter>Source Files</Filter>
    </ClCompile>
  </ItemGroup>
  <ItemGroup>
    <ClInclude Include="EditorPCH.h">
      <Filter>Source Files</Filter>
    </ClInclude>
    <ClInclude Include="ResourceIDs.h">
      <Filter>Resource Files</Filter>
    </ClInclude>
    <ClInclude Include="AnimTreeEditor.h">
      <Filter>Source Files</Filter>
    </ClInclude>
    <ClInclude Include="TrackableWindow.h">
      <Filter>Source Files</Filter>
    </ClInclude>
    <ClInclude Include="EditorViewport.h">
      <Filter>Source Files</Filter>
    </ClInclude>
    <ClInclude Include="DockingParent.h">
      <Filter>Source Files</Filter>
    </ClInclude>
    <ClInclude Include="UnLinkedObjEditor.h">
      <Filter>Source Files</Filter>
    </ClInclude>
    <ClInclude Include="UnLinkedObjDrawUtils.h">
      <Filter>Source Files</Filter>
    </ClInclude>
    <ClInclude Include="Bitmaps.h">
      <Filter>Source Files</Filter>
    </ClInclude>
    <ClInclude Include="Docking.h">
      <Filter>Source Files</Filter>
    </ClInclude>
    <ClInclude Include="UI.h">
      <Filter>Source Files</Filter>
    </ClInclude>
    <ClInclude Include="FCallbackDevice.h">
      <Filter>Source Files</Filter>
    </ClInclude>
    <ClInclude Include="Properties.h">
      <Filter>Source Files</Filter>
    </ClInclude>
    <ClInclude Include="DlgGenericComboEntry.h">
      <Filter>Source Files</Filter>
    </ClInclude>
    <ClInclude Include="EditorUtil.h">
      <Filter>Source Files</Filter>
    </ClInclude>
  </ItemGroup>
</Project>